
Microsoft Visual Studio Solution File, Format Version 12.00
Project("{FAE04EC0-301F-11D3-BF4B-00C04F79EFBC}") = "BigBrother", "BigBrother\BigBrother.csproj", "{66973C72-88F3-42C8-9785-E29318231AFA}"
EndProject
Project("{FAE04EC0-301F-11D3-BF4B-00C04F79EFBC}") = "BigBrother.Action.Weather", "Actions\BigBrother.Action.Weather\BigBrother.Action.Weather.csproj", "{59E6989E-DBC5-46B1-87D6-DE1B93098765}"
EndProject
Global
	GlobalSection(SolutionConfigurationPlatforms) = preSolution
		Debug|Any CPU = Debug|Any CPU
		Release|Any CPU = Release|Any CPU
	EndGlobalSection
	GlobalSection(ProjectConfigurationPlatforms) = postSolution
		{66973C72-88F3-42C8-9785-E29318231AFA}.Debug|Any CPU.ActiveCfg = Debug|Any CPU
		{66973C72-88F3-42C8-9785-E29318231AFA}.Debug|Any CPU.Build.0 = Debug|Any CPU
		{66973C72-88F3-42C8-9785-E29318231AFA}.Release|Any CPU.ActiveCfg = Release|Any CPU
		{66973C72-88F3-42C8-9785-E29318231AFA}.Release|Any CPU.Build.0 = Release|Any CPU
		{59E6989E-DBC5-46B1-87D6-DE1B93098765}.Debug|Any CPU.ActiveCfg = Debug|Any CPU
		{59E6989E-DBC5-46B1-87D6-DE1B93098765}.Debug|Any CPU.Build.0 = Debug|Any CPU
		{59E6989E-DBC5-46B1-87D6-DE1B93098765}.Release|Any CPU.ActiveCfg = Release|Any CPU
		{59E6989E-DBC5-46B1-87D6-DE1B93098765}.Release|Any CPU.Build.0 = Release|Any CPU
	EndGlobalSection
EndGlobal
